
Microsoft Visual Studio Solution File, Format Version 12.00
Project("{F2A71F9B-5D33-465A-A702-920D77279786}") = "ConsoleApp3", "ConsoleApp3\ConsoleApp3.fsproj", "{8D8B27AF-08BC-4F51-85F7-B43F4942321F}"
EndProject
Project("{2150E333-8FDC-42A3-9474-1A3956D46DE8}") = "fxpg_fsharp", "fxpg_fsharp", "{597A1A4B-5BD5-4DAF-AE57-BFB2469F5C23}"
EndProject
Project("{2150E333-8FDC-42A3-9474-1A3956D46DE8}") = "basic", "basic", "{EE41A6E7-7587-45A9-9B2A-EDD2426B7C2A}"
EndProject
Project("{F2A71F9B-5D33-465A-A702-920D77279786}") = "n01_calculation", "n01_calculation\n01_calculation.fsproj", "{4F6436BB-2CD0-4337-9BA8-1FCAC3794987}"
EndProject
Project("{F2A71F9B-5D33-465A-A702-920D77279786}") = "n02_math_fx", "n02_math_fx\n02_math_fx.fsproj", "{72805EC2-9327-47E6-BEEC-0B290BFCF30B}"
EndProject
Project("{F2A71F9B-5D33-465A-A702-920D77279786}") = "n03_control", "n03_control\n03_control.fsproj", "{31190FC8-D09A-46D6-8A72-C4102C31BA3E}"
EndProject
Project("{F2A71F9B-5D33-465A-A702-920D77279786}") = "n04_function", "n04_function\n04_function.fsproj", "{DBC74222-D619-4CA9-B858-13F44350167B}"
EndProject
Project("{F2A71F9B-5D33-465A-A702-920D77279786}") = "n05_data_structure", "n05_data_structure\n05_data_structure.fsproj", "{481DE8AF-6684-4AB4-B3A5-AA1906798E97}"
EndProject
Project("{F2A71F9B-5D33-465A-A702-920D77279786}") = "n06_pattern_matching", "n06_pattern_matching\n06_pattern_matching.fsproj", "{CD7C0D08-209A-4CB3-B93E-A0824B4A2EEF}"
EndProject
Project("{F2A71F9B-5D33-465A-A702-920D77279786}") = "n07_IO", "n07_IO\n07_IO.fsproj", "{2E49D4FF-E1D8-4D78-88A7-EB729955B653}"
EndProject
Global
	GlobalSection(SolutionConfigurationPlatforms) = preSolution
		Debug|Any CPU = Debug|Any CPU
		Release|Any CPU = Release|Any CPU
	EndGlobalSection
	GlobalSection(ProjectConfigurationPlatforms) = postSolution
		{8D8B27AF-08BC-4F51-85F7-B43F4942321F}.Debug|Any CPU.ActiveCfg = Debug|Any CPU
		{8D8B27AF-08BC-4F51-85F7-B43F4942321F}.Debug|Any CPU.Build.0 = Debug|Any CPU
		{8D8B27AF-08BC-4F51-85F7-B43F4942321F}.Release|Any CPU.ActiveCfg = Release|Any CPU
		{8D8B27AF-08BC-4F51-85F7-B43F4942321F}.Release|Any CPU.Build.0 = Release|Any CPU
		{4F6436BB-2CD0-4337-9BA8-1FCAC3794987}.Debug|Any CPU.ActiveCfg = Debug|Any CPU
		{4F6436BB-2CD0-4337-9BA8-1FCAC3794987}.Debug|Any CPU.Build.0 = Debug|Any CPU
		{4F6436BB-2CD0-4337-9BA8-1FCAC3794987}.Release|Any CPU.ActiveCfg = Release|Any CPU
		{4F6436BB-2CD0-4337-9BA8-1FCAC3794987}.Release|Any CPU.Build.0 = Release|Any CPU
		{72805EC2-9327-47E6-BEEC-0B290BFCF30B}.Debug|Any CPU.ActiveCfg = Debug|Any CPU
		{72805EC2-9327-47E6-BEEC-0B290BFCF30B}.Debug|Any CPU.Build.0 = Debug|Any CPU
		{72805EC2-9327-47E6-BEEC-0B290BFCF30B}.Release|Any CPU.ActiveCfg = Release|Any CPU
		{72805EC2-9327-47E6-BEEC-0B290BFCF30B}.Release|Any CPU.Build.0 = Release|Any CPU
		{31190FC8-D09A-46D6-8A72-C4102C31BA3E}.Debug|Any CPU.ActiveCfg = Debug|Any CPU
		{31190FC8-D09A-46D6-8A72-C4102C31BA3E}.Debug|Any CPU.Build.0 = Debug|Any CPU
		{31190FC8-D09A-46D6-8A72-C4102C31BA3E}.Release|Any CPU.ActiveCfg = Release|Any CPU
		{31190FC8-D09A-46D6-8A72-C4102C31BA3E}.Release|Any CPU.Build.0 = Release|Any CPU
		{DBC74222-D619-4CA9-B858-13F44350167B}.Debug|Any CPU.ActiveCfg = Debug|Any CPU
		{DBC74222-D619-4CA9-B858-13F44350167B}.Debug|Any CPU.Build.0 = Debug|Any CPU
		{DBC74222-D619-4CA9-B858-13F44350167B}.Release|Any CPU.ActiveCfg = Release|Any CPU
		{DBC74222-D619-4CA9-B858-13F44350167B}.Release|Any CPU.Build.0 = Release|Any CPU
		{481DE8AF-6684-4AB4-B3A5-AA1906798E97}.Debug|Any CPU.ActiveCfg = Debug|Any CPU
		{481DE8AF-6684-4AB4-B3A5-AA1906798E97}.Debug|Any CPU.Build.0 = Debug|Any CPU
		{481DE8AF-6684-4AB4-B3A5-AA1906798E97}.Release|Any CPU.ActiveCfg = Release|Any CPU
		{481DE8AF-6684-4AB4-B3A5-AA1906798E97}.Release|Any CPU.Build.0 = Release|Any CPU
		{CD7C0D08-209A-4CB3-B93E-A0824B4A2EEF}.Debug|Any CPU.ActiveCfg = Debug|Any CPU
		{CD7C0D08-209A-4CB3-B93E-A0824B4A2EEF}.Debug|Any CPU.Build.0 = Debug|Any CPU
		{CD7C0D08-209A-4CB3-B93E-A0824B4A2EEF}.Release|Any CPU.ActiveCfg = Release|Any CPU
		{CD7C0D08-209A-4CB3-B93E-A0824B4A2EEF}.Release|Any CPU.Build.0 = Release|Any CPU
		{2E49D4FF-E1D8-4D78-88A7-EB729955B653}.Debug|Any CPU.ActiveCfg = Debug|Any CPU
		{2E49D4FF-E1D8-4D78-88A7-EB729955B653}.Debug|Any CPU.Build.0 = Debug|Any CPU
		{2E49D4FF-E1D8-4D78-88A7-EB729955B653}.Release|Any CPU.ActiveCfg = Release|Any CPU
		{2E49D4FF-E1D8-4D78-88A7-EB729955B653}.Release|Any CPU.Build.0 = Release|Any CPU
	EndGlobalSection
	GlobalSection(NestedProjects) = preSolution
		{EE41A6E7-7587-45A9-9B2A-EDD2426B7C2A} = {597A1A4B-5BD5-4DAF-AE57-BFB2469F5C23}
		{4F6436BB-2CD0-4337-9BA8-1FCAC3794987} = {EE41A6E7-7587-45A9-9B2A-EDD2426B7C2A}
		{72805EC2-9327-47E6-BEEC-0B290BFCF30B} = {EE41A6E7-7587-45A9-9B2A-EDD2426B7C2A}
		{31190FC8-D09A-46D6-8A72-C4102C31BA3E} = {EE41A6E7-7587-45A9-9B2A-EDD2426B7C2A}
		{DBC74222-D619-4CA9-B858-13F44350167B} = {EE41A6E7-7587-45A9-9B2A-EDD2426B7C2A}
		{481DE8AF-6684-4AB4-B3A5-AA1906798E97} = {EE41A6E7-7587-45A9-9B2A-EDD2426B7C2A}
		{CD7C0D08-209A-4CB3-B93E-A0824B4A2EEF} = {EE41A6E7-7587-45A9-9B2A-EDD2426B7C2A}
		{2E49D4FF-E1D8-4D78-88A7-EB729955B653} = {EE41A6E7-7587-45A9-9B2A-EDD2426B7C2A}
	EndGlobalSection
EndGlobal
